
Microsoft Visual Studio Solution File, Format Version 12.00
# Visual Studio 2015
Project("{FAE04EC0-301F-11D3-BF4B-00C04F79EFBC}") = "TwinStickTutorial.CSharp", "TwinStickTutorial.CSharp.csproj", "{DC69AFDE-BEEB-A0E5-C99B-D390E7460650}"
EndProject
Global
	GlobalSection(SolutionConfigurationPlatforms) = preSolution
		Debug|Any CPU = Debug|Any CPU
		Release|Any CPU = Release|Any CPU
	EndGlobalSection
	GlobalSection(ProjectConfigurationPlatforms) = postSolution
		{DC69AFDE-BEEB-A0E5-C99B-D390E7460650}.Debug|Any CPU.ActiveCfg = Debug|Any CPU
		{DC69AFDE-BEEB-A0E5-C99B-D390E7460650}.Debug|Any CPU.Build.0 = Debug|Any CPU
		{DC69AFDE-BEEB-A0E5-C99B-D390E7460650}.Release|Any CPU.ActiveCfg = Release|Any CPU
		{DC69AFDE-BEEB-A0E5-C99B-D390E7460650}.Release|Any CPU.Build.0 = Release|Any CPU
	EndGlobalSection
	GlobalSection(SolutionProperties) = preSolution
		HideSolutionNode = FALSE
	EndGlobalSection
EndGlobal
